
Microsoft Visual Studio Solution File, Format Version 12.00
# Visual Studio 2012
Project("{8BC9CEB8-8B4A-11D0-8D11-00A0C91BC942}") = "hash_maps", "hash_maps\hash_maps.vcxproj", "{5B89AA8F-ADCE-4026-930D-05DC4E1B8EDD}"
EndProject
Global
	GlobalSection(SolutionConfigurationPlatforms) = preSolution
		Debug|Win32 = Debug|Win32
		Release|Win32 = Release|Win32
	EndGlobalSection
	GlobalSection(ProjectConfigurationPlatforms) = postSolution
		{5B89AA8F-ADCE-4026-930D-05DC4E1B8EDD}.Debug|Win32.ActiveCfg = Debug|Win32
		{5B89AA8F-ADCE-4026-930D-05DC4E1B8EDD}.Debug|Win32.Build.0 = Debug|Win32
		{5B89AA8F-ADCE-4026-930D-05DC4E1B8EDD}.Release|Win32.ActiveCfg = Release|Win32
		{5B89AA8F-ADCE-4026-930D-05DC4E1B8EDD}.Release|Win32.Build.0 = Release|Win32
	EndGlobalSection
	GlobalSection(SolutionProperties) = preSolution
		HideSolutionNode = FALSE
	EndGlobalSection
EndGlobal
