
Microsoft Visual Studio Solution File, Format Version 11.00
# Visual Studio 2010
Project("{8BC9CEB8-8B4A-11D0-8D11-00A0C91BC942}") = "new_counting_iterator", "new_counting_iterator\new_counting_iterator.vcxproj", "{9F28A31F-AD28-4F42-843D-744D1BD07076}"
EndProject
Global
	GlobalSection(SolutionConfigurationPlatforms) = preSolution
		Debug|Win32 = Debug|Win32
		Release|Win32 = Release|Win32
	EndGlobalSection
	GlobalSection(ProjectConfigurationPlatforms) = postSolution
		{9F28A31F-AD28-4F42-843D-744D1BD07076}.Debug|Win32.ActiveCfg = Debug|Win32
		{9F28A31F-AD28-4F42-843D-744D1BD07076}.Debug|Win32.Build.0 = Debug|Win32
		{9F28A31F-AD28-4F42-843D-744D1BD07076}.Release|Win32.ActiveCfg = Release|Win32
		{9F28A31F-AD28-4F42-843D-744D1BD07076}.Release|Win32.Build.0 = Release|Win32
	EndGlobalSection
	GlobalSection(SolutionProperties) = preSolution
		HideSolutionNode = FALSE
	EndGlobalSection
EndGlobal
